
Microsoft Visual Studio Solution File, Format Version 12.00
# Visual Studio Version 17
VisualStudioVersion = 17.14.36804.6
MinimumVisualStudioVersion = 10.0.40219.1
Project("{FAE04EC0-301F-11D3-BF4B-00C04F79EFBC}") = "project0703", "project0703\project0703.csproj", "{13F242E6-7694-4B92-9B72-8375BC3CB75C}"
EndProject
Project("{FAE04EC0-301F-11D3-BF4B-00C04F79EFBC}") = "Project0703.Tests", "Project0703.Tests\Project0703.Tests.csproj", "{515A02FD-70B4-4CC0-89C6-ECC9DB9C02A7}"
EndProject
Global
	GlobalSection(SolutionConfigurationPlatforms) = preSolution
		Debug|Any CPU = Debug|Any CPU
		Release|Any CPU = Release|Any CPU
	EndGlobalSection
	GlobalSection(ProjectConfigurationPlatforms) = postSolution
		{13F242E6-7694-4B92-9B72-8375BC3CB75C}.Debug|Any CPU.ActiveCfg = Debug|Any CPU
		{13F242E6-7694-4B92-9B72-8375BC3CB75C}.Debug|Any CPU.Build.0 = Debug|Any CPU
		{13F242E6-7694-4B92-9B72-8375BC3CB75C}.Release|Any CPU.ActiveCfg = Release|Any CPU
		{13F242E6-7694-4B92-9B72-8375BC3CB75C}.Release|Any CPU.Build.0 = Release|Any CPU
		{515A02FD-70B4-4CC0-89C6-ECC9DB9C02A7}.Debug|Any CPU.ActiveCfg = Debug|Any CPU
		{515A02FD-70B4-4CC0-89C6-ECC9DB9C02A7}.Debug|Any CPU.Build.0 = Debug|Any CPU
		{515A02FD-70B4-4CC0-89C6-ECC9DB9C02A7}.Release|Any CPU.ActiveCfg = Release|Any CPU
		{515A02FD-70B4-4CC0-89C6-ECC9DB9C02A7}.Release|Any CPU.Build.0 = Release|Any CPU
	EndGlobalSection
	GlobalSection(SolutionProperties) = preSolution
		HideSolutionNode = FALSE
	EndGlobalSection
	GlobalSection(ExtensibilityGlobals) = postSolution
		SolutionGuid = {1FE2EACE-6BD1-46F9-BF46-1FC5FF4EE97E}
	EndGlobalSection
EndGlobal
