
Microsoft Visual Studio Solution File, Format Version 12.00
# Visual Studio Version 17
VisualStudioVersion = 17.14.36804.6 d17.14
MinimumVisualStudioVersion = 10.0.40219.1
Project("{FAE04EC0-301F-11D3-BF4B-00C04F79EFBC}") = "TAMESI", "TAMESI\TAMESI.csproj", "{9C44590A-207B-4C19-9BED-315A04C8A611}"
EndProject
Global
	GlobalSection(SolutionConfigurationPlatforms) = preSolution
		Debug|Any CPU = Debug|Any CPU
		Release|Any CPU = Release|Any CPU
	EndGlobalSection
	GlobalSection(ProjectConfigurationPlatforms) = postSolution
		{9C44590A-207B-4C19-9BED-315A04C8A611}.Debug|Any CPU.ActiveCfg = Debug|Any CPU
		{9C44590A-207B-4C19-9BED-315A04C8A611}.Debug|Any CPU.Build.0 = Debug|Any CPU
		{9C44590A-207B-4C19-9BED-315A04C8A611}.Release|Any CPU.ActiveCfg = Release|Any CPU
		{9C44590A-207B-4C19-9BED-315A04C8A611}.Release|Any CPU.Build.0 = Release|Any CPU
	EndGlobalSection
	GlobalSection(SolutionProperties) = preSolution
		HideSolutionNode = FALSE
	EndGlobalSection
	GlobalSection(ExtensibilityGlobals) = postSolution
		SolutionGuid = {2EBF6490-DA25-4009-95CA-1A9B9309FA0B}
	EndGlobalSection
EndGlobal
